// !$*UTF8*$!
{
	archiveVersion = 1;
	classes = {
	};
	objectVersion = 50;
	objects = {

/* Begin PBXBuildFile section */
		240CF09521D15FF700E9A97C /* AppDelegate.swift in Sources */ = {isa = PBXBuildFile; fileRef = 240CF09421D15FF700E9A97C /* AppDelegate.swift */; };
		240CF09721D15FF700E9A97C /* ViewController.swift in Sources */ = {isa = PBXBuildFile; fileRef = 240CF09621D15FF700E9A97C /* ViewController.swift */; };
		240CF09A21D15FF700E9A97C /* Main.storyboard in Resources */ = {isa = PBXBuildFile; fileRef = 240CF09821D15FF700E9A97C /* Main.storyboard */; };
		240CF09C21D15FF800E9A97C /* Assets.xcassets in Resources */ = {isa = PBXBuildFile; fileRef = 240CF09B21D15FF800E9A97C /* Assets.xcassets */; };
		240CF09F21D15FF800E9A97C /* LaunchScreen.storyboard in Resources */ = {isa = PBXBuildFile; fileRef = 240CF09D21D15FF800E9A97C /* LaunchScreen.storyboard */; };
		240CF0A721D16E4D00E9A97C /* AddFoodViewController.swift in Sources */ = {isa = PBXBuildFile; fileRef = 240CF0A621D16E4D00E9A97C /* AddFoodViewController.swift */; };
		240CF0A921D16E7500E9A97C /* WalmartViewController.swift in Sources */ = {isa = PBXBuildFile; fileRef = 240CF0A821D16E7500E9A97C /* WalmartViewController.swift */; };
		240CF0AB21D16E8300E9A97C /* AddSpecialViewController.swift in Sources */ = {isa = PBXBuildFile; fileRef = 240CF0AA21D16E8300E9A97C /* AddSpecialViewController.swift */; };
/* End PBXBuildFile section */

/* Begin PBXFileReference section */
		240CF09121D15FF700E9A97C /* Karis Lists.app */ = {isa = PBXFileReference; explicitFileType = wrapper.application; includeInIndex = 0; path = "Karis Lists.app"; sourceTree = BUILT_PRODUCTS_DIR; };
		240CF09421D15FF700E9A97C /* AppDelegate.swift */ = {isa = PBXFileReference; lastKnownFileType = sourcecode.swift; path = AppDelegate.swift; sourceTree = "<group>"; };
		240CF09621D15FF700E9A97C /* ViewController.swift */ = {isa = PBXFileReference; lastKnownFileType = sourcecode.swift; path = ViewController.swift; sourceTree = "<group>"; };
		240CF09921D15FF700E9A97C /* Base */ = {isa = PBXFileReference; lastKnownFileType = file.storyboard; name = Base; path = Base.lproj/Main.storyboard; sourceTree = "<group>"; };
		240CF09B21D15FF800E9A97C /* Assets.xcassets */ = {isa = PBXFileReference; lastKnownFileType = folder.assetcatalog; path = Assets.xcassets; sourceTree = "<group>"; };
		240CF09E21D15FF800E9A97C /* Base */ = {isa = PBXFileReference; lastKnownFileType = file.storyboard; name = Base; path = Base.lproj/LaunchScreen.storyboard; sourceTree = "<group>"; };
		240CF0A021D15FF800E9A97C /* Info.plist */ = {isa = PBXFileReference; lastKnownFileType = text.plist.xml; path = Info.plist; sourceTree = "<group>"; };
		240CF0A621D16E4D00E9A97C /* AddFoodViewController.swift */ = {isa = PBXFileReference; lastKnownFileType = sourcecode.swift; path = AddFoodViewController.swift; sourceTree = "<group>"; };
		240CF0A821D16E7500E9A97C /* WalmartViewController.swift */ = {isa = PBXFileReference; lastKnownFileType = sourcecode.swift; path = WalmartViewController.swift; sourceTree = "<group>"; };
		240CF0AA21D16E8300E9A97C /* AddSpecialViewController.swift */ = {isa = PBXFileReference; lastKnownFileType = sourcecode.swift; path = AddSpecialViewController.swift; sourceTree = "<group>"; };
/* End PBXFileReference section */

/* Begin PBXFrameworksBuildPhase section */
		240CF08E21D15FF700E9A97C /* Frameworks */ = {
			isa = PBXFrameworksBuildPhase;
			buildActionMask = 2147483647;
			files = (
			);
			runOnlyForDeploymentPostprocessing = 0;
		};
/* End PBXFrameworksBuildPhase section */

/* Begin PBXGroup section */
		240CF08821D15FF700E9A97C = {
			isa = PBXGroup;
			children = (
				240CF0A621D16E4D00E9A97C /* AddFoodViewController.swift */,
				240CF0A821D16E7500E9A97C /* WalmartViewController.swift */,
				240CF0AA21D16E8300E9A97C /* AddSpecialViewController.swift */,
				240CF09321D15FF700E9A97C /* Karis Lists */,
				240CF09221D15FF700E9A97C /* Products */,
			);
			sourceTree = "<group>";
		};
		240CF09221D15FF700E9A97C /* Products */ = {
			isa = PBXGroup;
			children = (
				240CF09121D15FF700E9A97C /* Karis Lists.app */,
			);
			name = Products;
			sourceTree = "<group>";
		};
		240CF09321D15FF700E9A97C /* Karis Lists */ = {
			isa = PBXGroup;
			children = (
				240CF09421D15FF700E9A97C /* AppDelegate.swift */,
				240CF09621D15FF700E9A97C /* ViewController.swift */,
				240CF09821D15FF700E9A97C /* Main.storyboard */,
				240CF09B21D15FF800E9A97C /* Assets.xcassets */,
				240CF09D21D15FF800E9A97C /* LaunchScreen.storyboard */,
				240CF0A021D15FF800E9A97C /* Info.plist */,
			);
			path = "Karis Lists";
			sourceTree = "<group>";
		};
/* End PBXGroup section */

/* Begin PBXNativeTarget section */
		240CF09021D15FF700E9A97C /* Karis Lists */ = {
			isa = PBXNativeTarget;
			buildConfigurationList = 240CF0A321D15FF800E9A97C /* Build configuration list for PBXNativeTarget "Karis Lists" */;
			buildPhases = (
				240CF08D21D15FF700E9A97C /* Sources */,
				240CF08E21D15FF700E9A97C /* Frameworks */,
				240CF08F21D15FF700E9A97C /* Resources */,
			);
			buildRules = (
			);
			dependencies = (
			);
			name = "Karis Lists";
			productName = "Karis Lists";
			productReference = 240CF09121D15FF700E9A97C /* Karis Lists.app */;
			productType = "com.apple.product-type.application";
		};
/* End PBXNativeTarget section */

/* Begin PBXProject section */
		240CF08921D15FF700E9A97C /* Project object */ = {
			isa = PBXProject;
			attributes = {
				LastSwiftUpdateCheck = 1010;
				LastUpgradeCheck = 1010;
				ORGANIZATIONNAME = "Human Family";
				TargetAttributes = {
					240CF09021D15FF700E9A97C = {
						CreatedOnToolsVersion = 10.1;
					};
				};
			};
			buildConfigurationList = 240CF08C21D15FF700E9A97C /* Build configuration list for PBXProject "Karis Lists" */;
			compatibilityVersion = "Xcode 9.3";
			developmentRegion = en;
			hasScannedForEncodings = 0;
			knownRegions = (
				en,
				Base,
			);
			mainGroup = 240CF08821D15FF700E9A97C;
			productRefGroup = 240CF09221D15FF700E9A97C /* Products */;
			projectDirPath = "";
			projectRoot = "";
			targets = (
				240CF09021D15FF700E9A97C /* Karis Lists */,
			);
		};
/* End PBXProject section */

/* Begin PBXResourcesBuildPhase section */
		240CF08F21D15FF700E9A97C /* Resources */ = {
			isa = PBXResourcesBuildPhase;
			buildActionMask = 2147483647;
			files = (
				240CF09F21D15FF800E9A97C /* LaunchScreen.storyboard in Resources */,
				240CF09C21D15FF800E9A97C /* Assets.xcassets in Resources */,
				240CF09A21D15FF700E9A97C /* Main.storyboard in Resources */,
			);
			runOnlyForDeploymentPostprocessing = 0;
		};
/* End PBXResourcesBuildPhase section */

/* Begin PBXSourcesBuildPhase section */
		240CF08D21D15FF700E9A97C /* Sources */ = {
			isa = PBXSourcesBuildPhase;
			buildActionMask = 2147483647;
			files = (
				240CF09721D15FF700E9A97C /* ViewController.swift in Sources */,
				240CF0A921D16E7500E9A97C /* WalmartViewController.swift in Sources */,
				240CF0A721D16E4D00E9A97C /* AddFoodViewController.swift in Sources */,
				240CF09521D15FF700E9A97C /* AppDelegate.swift in Sources */,
				240CF0AB21D16E8300E9A97C /* AddSpecialViewController.swift in Sources */,
			);
			runOnlyForDeploymentPostprocessing = 0;
		};
/* End PBXSourcesBuildPhase section */

/* Begin PBXVariantGroup section */
		240CF09821D15FF700E9A97C /* Main.storyboard */ = {
			isa = PBXVariantGroup;
			children = (
				240CF09921D15FF700E9A97C /* Base */,
			);
			name = Main.storyboard;
			sourceTree = "<group>";
		};
		240CF09D21D15FF800E9A97C /* LaunchScreen.storyboard */ = {
			isa = PBXVariantGroup;
			children = (
				240CF09E21D15FF800E9A97C /* Base */,
			);
			name = LaunchScreen.storyboard;
			sourceTree = "<group>";
		};
/* End PBXVariantGroup section */

/* Begin XCBuildConfiguration section */
		240CF0A121D15FF800E9A97C /* Debug */ = {
			isa = XCBuildConfiguration;
			buildSettings = {
				ALWAYS_SEARCH_USER_PATHS = NO;
				CLANG_ANALYZER_NONNULL = YES;
				CLANG_ANALYZER_NUMBER_OBJECT_CONVERSION = YES_AGGRESSIVE;
				CLANG_CXX_LANGUAGE_STANDARD = "gnu++14";
				CLANG_CXX_LIBRARY = "libc++";
				CLANG_ENABLE_MODULES = YES;
				CLANG_ENABLE_OBJC_ARC = YES;
				CLANG_ENABLE_OBJC_WEAK = YES;
				CLANG_WARN_BLOCK_CAPTURE_AUTORELEASING = YES;
				CLANG_WARN_BOOL_CONVERSION = YES;
				CLANG_WARN_COMMA = YES;
				CLANG_WARN_CONSTANT_CONVERSION = YES;
				CLANG_WARN_DEPRECATED_OBJC_IMPLEMENTATIONS = YES;
				CLANG_WARN_DIRECT_OBJC_ISA_USAGE = YES_ERROR;
				CLANG_WARN_DOCUMENTATION_COMMENTS = YES;
				CLANG_WARN_EMPTY_BODY = YES;
				CLANG_WARN_ENUM_CONVERSION = YES;
				CLANG_WARN_INFINITE_RECURSION = YES;
				CLANG_WARN_INT_CONVERSION = YES;
				CLANG_WARN_NON_LITERAL_NULL_CONVERSION = YES;
				CLANG_WARN_OBJC_IMPLICIT_RETAIN_SELF = YES;
				CLANG_WARN_OBJC_LITERAL_CONVERSION = YES;
				CLANG_WARN_OBJC_ROOT_CLASS = YES_ERROR;
				CLANG_WARN_RANGE_LOOP_ANALYSIS = YES;
				CLANG_WARN_STRICT_PROTOTYPES = YES;
				CLANG_WARN_SUSPICIOUS_MOVE = YES;
				CLANG_WARN_UNGUARDED_AVAILABILITY = YES_AGGRESSIVE;
				CLANG_WARN_UNREACHABLE_CODE = YES;
				CLANG_WARN__DUPLICATE_METHOD_MATCH = YES;
				CODE_SIGN_IDENTITY = "iPhone Developer";
				COPY_PHASE_STRIP = NO;
				DEBUG_INFORMATION_FORMAT = dwarf;
				ENABLE_STRICT_OBJC_MSGSEND = YES;
				ENABLE_TESTABILITY = YES;
				GCC_C_LANGUAGE_STANDARD = gnu11;
				GCC_DYNAMIC_NO_PIC = NO;
				GCC_NO_COMMON_BLOCKS = YES;
				GCC_OPTIMIZATION_LEVEL = 0;
				GCC_PREPROCESSOR_DEFINITIONS = (
					"DEBUG=1",
					"$(inherited)",
				);
				GCC_WARN_64_TO_32_BIT_CONVERSION = YES;
				GCC_WARN_ABOUT_RETURN_TYPE = YES_ERROR;
				GCC_WARN_UNDECLARED_SELECTOR = YES;
				GCC_WARN_UNINITIALIZED_AUTOS = YES_AGGRESSIVE;
				GCC_WARN_UNUSED_FUNCTION = YES;
				GCC_WARN_UNUSED_VARIABLE = YES;
				IPHONEOS_DEPLOYMENT_TARGET = 12.1;
				MTL_ENABLE_DEBUG_INFO = INCLUDE_SOURCE;
				MTL_FAST_MATH = YES;
				ONLY_ACTIVE_ARCH = YES;
				SDKROOT = iphoneos;
				SWIFT_ACTIVE_COMPILATION_CONDITIONS = DEBUG;
				SWIFT_OPTIMIZATION_LEVEL = "-Onone";
			};
			name = Debug;
		};
		240CF0A221D15FF800E9A97C /* Release */ = {
			isa = XCBuildConfiguration;
			buildSettings = {
				ALWAYS_SEARCH_USER_PATHS = NO;
				CLANG_ANALYZER_NONNULL = YES;
				CLANG_ANALYZER_NUMBER_OBJECT_CONVERSION = YES_AGGRESSIVE;
				CLANG_CXX_LANGUAGE_STANDARD = "gnu++14";
				CLANG_CXX_LIBRARY = "libc++";
				CLANG_ENABLE_MODULES = YES;
				CLANG_ENABLE_OBJC_ARC = YES;
				CLANG_ENABLE_OBJC_WEAK = YES;
				CLANG_WARN_BLOCK_CAPTURE_AUTORELEASING = YES;
				CLANG_WARN_BOOL_CONVERSION = YES;
				CLANG_WARN_COMMA = YES;
				CLANG_WARN_CONSTANT_CONVERSION = YES;
				CLANG_WARN_DEPRECATED_OBJC_IMPLEMENTATIONS = YES;
				CLANG_WARN_DIRECT_OBJC_ISA_USAGE = YES_ERROR;
				CLANG_WARN_DOCUMENTATION_COMMENTS = YES;
				CLANG_WARN_EMPTY_BODY = YES;
				CLANG_WARN_ENUM_CONVERSION = YES;
				CLANG_WARN_INFINITE_RECURSION = YES;
				CLANG_WARN_INT_CONVERSION = YES;
				CLANG_WARN_NON_LITERAL_NULL_CONVERSION = YES;
				CLANG_WARN_OBJC_IMPLICIT_RETAIN_SELF = YES;
				CLANG_WARN_OBJC_LITERAL_CONVERSION = YES;
				CLANG_WARN_OBJC_ROOT_CLASS = YES_ERROR;
				CLANG_WARN_RANGE_LOOP_ANALYSIS = YES;
				CLANG_WARN_STRICT_PROTOTYPES = YES;
				CLANG_WARN_SUSPICIOUS_MOVE = YES;
				CLANG_WARN_UNGUARDED_AVAILABILITY = YES_AGGRESSIVE;
				CLANG_WARN_UNREACHABLE_CODE = YES;
				CLANG_WARN__DUPLICATE_METHOD_MATCH = YES;
				CODE_SIGN_IDENTITY = "iPhone Developer";
				COPY_PHASE_STRIP = NO;
				DEBUG_INFORMATION_FORMAT = "dwarf-with-dsym";
				ENABLE_NS_ASSERTIONS = NO;
				ENABLE_STRICT_OBJC_MSGSEND = YES;
				GCC_C_LANGUAGE_STANDARD = gnu11;
				GCC_NO_COMMON_BLOCKS = YES;
				GCC_WARN_64_TO_32_BIT_CONVERSION = YES;
				GCC_WARN_ABOUT_RETURN_TYPE = YES_ERROR;
				GCC_WARN_UNDECLARED_SELECTOR = YES;
				GCC_WARN_UNINITIALIZED_AUTOS = YES_AGGRESSIVE;
				GCC_WARN_UNUSED_FUNCTION = YES;
				GCC_WARN_UNUSED_VARIABLE = YES;
				IPHONEOS_DEPLOYMENT_TARGET = 12.1;
				MTL_ENABLE_DEBUG_INFO = NO;
				MTL_FAST_MATH = YES;
				SDKROOT = iphoneos;
				SWIFT_COMPILATION_MODE = wholemodule;
				SWIFT_OPTIMIZATION_LEVEL = "-O";
				VALIDATE_PRODUCT = YES;
			};
			name = Release;
		};
		240CF0A421D15FF800E9A97C /* Debug */ = {
			isa = XCBuildConfiguration;
			buildSettings = {
				ASSETCATALOG_COMPILER_APPICON_NAME = AppIcon;
				CODE_SIGN_STYLE = Automatic;
				DEVELOPMENT_TEAM = 92SP4BG4XK;
				INFOPLIST_FILE = "Karis Lists/Info.plist";
				LD_RUNPATH_SEARCH_PATHS = (
					"$(inherited)",
					"@executable_path/Frameworks",
				);
				PRODUCT_BUNDLE_IDENTIFIER = "com.kalenhammann.Karis-Lists";
				PRODUCT_NAME = "$(TARGET_NAME)";
				SWIFT_VERSION = 4.2;
				TARGETED_DEVICE_FAMILY = "1,2";
			};
			name = Debug;
		};
		240CF0A521D15FF800E9A97C /* Release */ = {
			isa = XCBuildConfiguration;
			buildSettings = {
				ASSETCATALOG_COMPILER_APPICON_NAME = AppIcon;
				CODE_SIGN_STYLE = Automatic;
				DEVELOPMENT_TEAM = 92SP4BG4XK;
				INFOPLIST_FILE = "Karis Lists/Info.plist";
				LD_RUNPATH_SEARCH_PATHS = (
					"$(inherited)",
					"@executable_path/Frameworks",
				);
				PRODUCT_BUNDLE_IDENTIFIER = "com.kalenhammann.Karis-Lists";
				PRODUCT_NAME = "$(TARGET_NAME)";
				SWIFT_VERSION = 4.2;
				TARGETED_DEVICE_FAMILY = "1,2";
			};
			name = Release;
		};
/* End XCBuildConfiguration section */

/* Begin XCConfigurationList section */
		240CF08C21D15FF700E9A97C /* Build configuration list for PBXProject "Karis Lists" */ = {
			isa = XCConfigurationList;
			buildConfigurations = (
				240CF0A121D15FF800E9A97C /* Debug */,
				240CF0A221D15FF800E9A97C /* Release */,
			);
			defaultConfigurationIsVisible = 0;
			defaultConfigurationName = Release;
		};
		240CF0A321D15FF800E9A97C /* Build configuration list for PBXNativeTarget "Karis Lists" */ = {
			isa = XCConfigurationList;
			buildConfigurations = (
				240CF0A421D15FF800E9A97C /* Debug */,
				240CF0A521D15FF800E9A97C /* Release */,
			);
			defaultConfigurationIsVisible = 0;
			defaultConfigurationName = Release;
		};
/* End XCConfigurationList section */
	};
	rootObject = 240CF08921D15FF700E9A97C /* Project object */;
}
